// !$*UTF8*$!
{
	archiveVersion = 1;
	classes = {
	};
	objectVersion = 77;
	objects = {

/* Begin PBXBuildFile section */
		27916E6D2FA501F600C4E452 /* RootView.swift in Sources */ = {isa = PBXBuildFile; fileRef = 27916E692FA501F600C4E452 /* RootView.swift */; };
		27916E6E2FA501F600C4E452 /* AuthService.swift in Sources */ = {isa = PBXBuildFile; fileRef = 27916E5E2FA501F600C4E452 /* AuthService.swift */; };
		27916E6F2FA501F600C4E452 /* DiaryViewModel.swift in Sources */ = {isa = PBXBuildFile; fileRef = 27916E652FA501F600C4E452 /* DiaryViewModel.swift */; };
		27916E702FA501F600C4E452 /* AppContainer.swift in Sources */ = {isa = PBXBuildFile; fileRef = 27916E572FA501F600C4E452 /* AppContainer.swift */; };
		27916E712FA501F600C4E452 /* Domain.swift in Sources */ = {isa = PBXBuildFile; fileRef = 27916E5A2FA501F600C4E452 /* Domain.swift */; };
		27916E722FA501F600C4E452 /* LoginView.swift in Sources */ = {isa = PBXBuildFile; fileRef = 27916E682FA501F600C4E452 /* LoginView.swift */; };
		27916E732FA501F600C4E452 /* APIClient.swift in Sources */ = {isa = PBXBuildFile; fileRef = 27916E5C2FA501F600C4E452 /* APIClient.swift */; };
		27916E742FA501F600C4E452 /* AppViewModel.swift in Sources */ = {isa = PBXBuildFile; fileRef = 27916E642FA501F600C4E452 /* AppViewModel.swift */; };
		27916E752FA501F600C4E452 /* DietCodeiOSApp.swift in Sources */ = {isa = PBXBuildFile; fileRef = 27916E582FA501F600C4E452 /* DietCodeiOSApp.swift */; };
		27916E762FA501F600C4E452 /* DiaryView.swift in Sources */ = {isa = PBXBuildFile; fileRef = 27916E672FA501F600C4E452 /* DiaryView.swift */; };
		27916E772FA501F600C4E452 /* ProductService.swift in Sources */ = {isa = PBXBuildFile; fileRef = 27916E602FA501F600C4E452 /* ProductService.swift */; };
		27916E782FA501F600C4E452 /* DayService.swift in Sources */ = {isa = PBXBuildFile; fileRef = 27916E5F2FA501F600C4E452 /* DayService.swift */; };
		27916E792FA501F600C4E452 /* AppConfig.swift in Sources */ = {isa = PBXBuildFile; fileRef = 27916E622FA501F600C4E452 /* AppConfig.swift */; };
		27916E7A2FA501F600C4E452 /* README.md in Resources */ = {isa = PBXBuildFile; fileRef = 27916E6B2FA501F600C4E452 /* README.md */; };
		BRC00000000000000000001 /* BarcodeScannerView.swift in Sources */ = {isa = PBXBuildFile; fileRef = BRC00000000000000000002 /* BarcodeScannerView.swift */; };
/* End PBXBuildFile section */

/* Begin PBXFileReference section */
		27916E492FA501A900C4E452 /* DietCodeiOS.app */ = {isa = PBXFileReference; explicitFileType = wrapper.application; includeInIndex = 0; path = DietCodeiOS.app; sourceTree = BUILT_PRODUCTS_DIR; };
		27916E572FA501F600C4E452 /* AppContainer.swift */ = {isa = PBXFileReference; lastKnownFileType = sourcecode.swift; path = AppContainer.swift; sourceTree = "<group>"; };
		27916E582FA501F600C4E452 /* DietCodeiOSApp.swift */ = {isa = PBXFileReference; lastKnownFileType = sourcecode.swift; path = DietCodeiOSApp.swift; sourceTree = "<group>"; };
		27916E5A2FA501F600C4E452 /* Domain.swift */ = {isa = PBXFileReference; lastKnownFileType = sourcecode.swift; path = Domain.swift; sourceTree = "<group>"; };
		27916E5C2FA501F600C4E452 /* APIClient.swift */ = {isa = PBXFileReference; lastKnownFileType = sourcecode.swift; path = APIClient.swift; sourceTree = "<group>"; };
		27916E5E2FA501F600C4E452 /* AuthService.swift */ = {isa = PBXFileReference; lastKnownFileType = sourcecode.swift; path = AuthService.swift; sourceTree = "<group>"; };
		27916E5F2FA501F600C4E452 /* DayService.swift */ = {isa = PBXFileReference; lastKnownFileType = sourcecode.swift; path = DayService.swift; sourceTree = "<group>"; };
		27916E602FA501F600C4E452 /* ProductService.swift */ = {isa = PBXFileReference; lastKnownFileType = sourcecode.swift; path = ProductService.swift; sourceTree = "<group>"; };
		27916E622FA501F600C4E452 /* AppConfig.swift */ = {isa = PBXFileReference; lastKnownFileType = sourcecode.swift; path = AppConfig.swift; sourceTree = "<group>"; };
		27916E642FA501F600C4E452 /* AppViewModel.swift */ = {isa = PBXFileReference; lastKnownFileType = sourcecode.swift; path = AppViewModel.swift; sourceTree = "<group>"; };
		27916E652FA501F600C4E452 /* DiaryViewModel.swift */ = {isa = PBXFileReference; lastKnownFileType = sourcecode.swift; path = DiaryViewModel.swift; sourceTree = "<group>"; };
		27916E672FA501F600C4E452 /* DiaryView.swift */ = {isa = PBXFileReference; lastKnownFileType = sourcecode.swift; path = DiaryView.swift; sourceTree = "<group>"; };
		27916E682FA501F600C4E452 /* LoginView.swift */ = {isa = PBXFileReference; lastKnownFileType = sourcecode.swift; path = LoginView.swift; sourceTree = "<group>"; };
		27916E692FA501F600C4E452 /* RootView.swift */ = {isa = PBXFileReference; lastKnownFileType = sourcecode.swift; path = RootView.swift; sourceTree = "<group>"; };
		27916E6B2FA501F600C4E452 /* README.md */ = {isa = PBXFileReference; lastKnownFileType = net.daringfireball.markdown; path = README.md; sourceTree = "<group>"; };
		BRC00000000000000000002 /* BarcodeScannerView.swift */ = {isa = PBXFileReference; lastKnownFileType = sourcecode.swift; path = BarcodeScannerView.swift; sourceTree = "<group>"; };
/* End PBXFileReference section */

/* Begin PBXFileSystemSynchronizedBuildFileExceptionSet section */
		27916E7C2FA506B900C4E452 /* Exceptions for "DietCodeiOS" folder in "DietCodeiOS" target */ = {
			isa = PBXFileSystemSynchronizedBuildFileExceptionSet;
			membershipExceptions = (
				.gitignore,
				Info.plist,
			);
			target = 27916E482FA501A800C4E452 /* DietCodeiOS */;
		};
/* End PBXFileSystemSynchronizedBuildFileExceptionSet section */

/* Begin PBXFileSystemSynchronizedRootGroup section */
		27916E4B2FA501A900C4E452 /* DietCodeiOS */ = {
			isa = PBXFileSystemSynchronizedRootGroup;
			exceptions = (
				27916E7C2FA506B900C4E452 /* Exceptions for "DietCodeiOS" folder in "DietCodeiOS" target */,
			);
			path = DietCodeiOS;
			sourceTree = "<group>";
		};
/* End PBXFileSystemSynchronizedRootGroup section */

/* Begin PBXFrameworksBuildPhase section */
		27916E462FA501A800C4E452 /* Frameworks */ = {
			isa = PBXFrameworksBuildPhase;
			buildActionMask = 2147483647;
			files = (
			);
			runOnlyForDeploymentPostprocessing = 0;
		};
/* End PBXFrameworksBuildPhase section */

/* Begin PBXGroup section */
		27916E402FA501A800C4E452 = {
			isa = PBXGroup;
			children = (
				27916E4B2FA501A900C4E452 /* DietCodeiOS */,
				27916E4A2FA501A900C4E452 /* Products */,
				27916E6C2FA501F600C4E452 /* ios-app */,
			);
			sourceTree = "<group>";
		};
		27916E4A2FA501A900C4E452 /* Products */ = {
			isa = PBXGroup;
			children = (
				27916E492FA501A900C4E452 /* DietCodeiOS.app */,
			);
			name = Products;
			sourceTree = "<group>";
		};
		27916E592FA501F600C4E452 /* App */ = {
			isa = PBXGroup;
			children = (
				27916E572FA501F600C4E452 /* AppContainer.swift */,
				27916E582FA501F600C4E452 /* DietCodeiOSApp.swift */,
			);
			path = App;
			sourceTree = "<group>";
		};
		27916E5B2FA501F600C4E452 /* Models */ = {
			isa = PBXGroup;
			children = (
				27916E5A2FA501F600C4E452 /* Domain.swift */,
			);
			path = Models;
			sourceTree = "<group>";
		};
		27916E5D2FA501F600C4E452 /* Networking */ = {
			isa = PBXGroup;
			children = (
				27916E5C2FA501F600C4E452 /* APIClient.swift */,
			);
			path = Networking;
			sourceTree = "<group>";
		};
		27916E612FA501F600C4E452 /* Services */ = {
			isa = PBXGroup;
			children = (
				27916E5E2FA501F600C4E452 /* AuthService.swift */,
				27916E5F2FA501F600C4E452 /* DayService.swift */,
				27916E602FA501F600C4E452 /* ProductService.swift */,
			);
			path = Services;
			sourceTree = "<group>";
		};
		27916E632FA501F600C4E452 /* Utilities */ = {
			isa = PBXGroup;
			children = (
				27916E622FA501F600C4E452 /* AppConfig.swift */,
			);
			path = Utilities;
			sourceTree = "<group>";
		};
		27916E662FA501F600C4E452 /* ViewModels */ = {
			isa = PBXGroup;
			children = (
				27916E642FA501F600C4E452 /* AppViewModel.swift */,
				27916E652FA501F600C4E452 /* DiaryViewModel.swift */,
			);
			path = ViewModels;
			sourceTree = "<group>";
		};
		27916E6A2FA501F600C4E452 /* Views */ = {
			isa = PBXGroup;
			children = (
				27916E672FA501F600C4E452 /* DiaryView.swift */,
				27916E682FA501F600C4E452 /* LoginView.swift */,
				27916E692FA501F600C4E452 /* RootView.swift */,
				BRC00000000000000000002 /* BarcodeScannerView.swift */,
			);
			path = Views;
			sourceTree = "<group>";
		};
		27916E6C2FA501F600C4E452 /* ios-app */ = {
			isa = PBXGroup;
			children = (
				27916E592FA501F600C4E452 /* App */,
				27916E5B2FA501F600C4E452 /* Models */,
				27916E5D2FA501F600C4E452 /* Networking */,
				27916E612FA501F600C4E452 /* Services */,
				27916E632FA501F600C4E452 /* Utilities */,
				27916E662FA501F600C4E452 /* ViewModels */,
				27916E6A2FA501F600C4E452 /* Views */,
				27916E6B2FA501F600C4E452 /* README.md */,
			);
			path = "ios-app";
			sourceTree = "<group>";
		};
/* End PBXGroup section */

/* Begin PBXNativeTarget section */
		27916E482FA501A800C4E452 /* DietCodeiOS */ = {
			isa = PBXNativeTarget;
			buildConfigurationList = 27916E542FA501A900C4E452 /* Build configuration list for PBXNativeTarget "DietCodeiOS" */;
			buildPhases = (
				27916E452FA501A800C4E452 /* Sources */,
				27916E462FA501A800C4E452 /* Frameworks */,
				27916E472FA501A800C4E452 /* Resources */,
			);
			buildRules = (
			);
			dependencies = (
			);
			fileSystemSynchronizedGroups = (
				27916E4B2FA501A900C4E452 /* DietCodeiOS */,
			);
			name = DietCodeiOS;
			packageProductDependencies = (
			);
			productName = DietCodeiOS;
			productReference = 27916E492FA501A900C4E452 /* DietCodeiOS.app */;
			productType = "com.apple.product-type.application";
		};
/* End PBXNativeTarget section */

/* Begin PBXProject section */
		27916E412FA501A800C4E452 /* Project object */ = {
			isa = PBXProject;
			attributes = {
				BuildIndependentTargetsInParallel = 1;
				LastSwiftUpdateCheck = 2640;
				LastUpgradeCheck = 2640;
				TargetAttributes = {
					27916E482FA501A800C4E452 = {
						CreatedOnToolsVersion = 26.4.1;
					};
				};
			};
			buildConfigurationList = 27916E442FA501A800C4E452 /* Build configuration list for PBXProject "DietCodeiOS" */;
			developmentRegion = en;
			hasScannedForEncodings = 0;
			knownRegions = (
				en,
				Base,
			);
			mainGroup = 27916E402FA501A800C4E452;
			minimizedProjectReferenceProxies = 1;
			preferredProjectObjectVersion = 77;
			productRefGroup = 27916E4A2FA501A900C4E452 /* Products */;
			projectDirPath = "";
			projectRoot = "";
			targets = (
				27916E482FA501A800C4E452 /* DietCodeiOS */,
			);
		};
/* End PBXProject section */

/* Begin PBXResourcesBuildPhase section */
		27916E472FA501A800C4E452 /* Resources */ = {
			isa = PBXResourcesBuildPhase;
			buildActionMask = 2147483647;
			files = (
				27916E7A2FA501F600C4E452 /* README.md in Resources */,
			);
			runOnlyForDeploymentPostprocessing = 0;
		};
/* End PBXResourcesBuildPhase section */

/* Begin PBXSourcesBuildPhase section */
		27916E452FA501A800C4E452 /* Sources */ = {
			isa = PBXSourcesBuildPhase;
			buildActionMask = 2147483647;
			files = (
				27916E6D2FA501F600C4E452 /* RootView.swift in Sources */,
				27916E6E2FA501F600C4E452 /* AuthService.swift in Sources */,
				27916E6F2FA501F600C4E452 /* DiaryViewModel.swift in Sources */,
				27916E702FA501F600C4E452 /* AppContainer.swift in Sources */,
				27916E712FA501F600C4E452 /* Domain.swift in Sources */,
				27916E722FA501F600C4E452 /* LoginView.swift in Sources */,
				27916E732FA501F600C4E452 /* APIClient.swift in Sources */,
				27916E742FA501F600C4E452 /* AppViewModel.swift in Sources */,
				27916E752FA501F600C4E452 /* DietCodeiOSApp.swift in Sources */,
				27916E762FA501F600C4E452 /* DiaryView.swift in Sources */,
				27916E772FA501F600C4E452 /* ProductService.swift in Sources */,
				27916E782FA501F600C4E452 /* DayService.swift in Sources */,
				27916E792FA501F600C4E452 /* AppConfig.swift in Sources */,
				BRC00000000000000000001 /* BarcodeScannerView.swift in Sources */,
			);
			runOnlyForDeploymentPostprocessing = 0;
		};
/* End PBXSourcesBuildPhase section */

/* Begin XCBuildConfiguration section */
		27916E522FA501A900C4E452 /* Debug */ = {
			isa = XCBuildConfiguration;
			buildSettings = {
				ALWAYS_SEARCH_USER_PATHS = NO;
				ASSETCATALOG_COMPILER_GENERATE_SWIFT_ASSET_SYMBOL_EXTENSIONS = YES;
				CLANG_ANALYZER_NONNULL = YES;
				CLANG_ANALYZER_NUMBER_OBJECT_CONVERSION = YES_AGGRESSIVE;
				CLANG_CXX_LANGUAGE_STANDARD = "gnu++20";
				CLANG_ENABLE_MODULES = YES;
				CLANG_ENABLE_OBJC_ARC = YES;
				CLANG_ENABLE_OBJC_WEAK = YES;
				CLANG_WARN_BLOCK_CAPTURE_AUTORELEASING = YES;
				CLANG_WARN_BOOL_CONVERSION = YES;
				CLANG_WARN_COMMA = YES;
				CLANG_WARN_CONSTANT_CONVERSION = YES;
				CLANG_WARN_DEPRECATED_OBJC_IMPLEMENTATIONS = YES;
				CLANG_WARN_DIRECT_OBJC_ISA_USAGE = YES_ERROR;
				CLANG_WARN_DOCUMENTATION_COMMENTS = YES;
				CLANG_WARN_EMPTY_BODY = YES;
				CLANG_WARN_ENUM_CONVERSION = YES;
				CLANG_WARN_INFINITE_RECURSION = YES;
				CLANG_WARN_INT_CONVERSION = YES;
				CLANG_WARN_NON_LITERAL_NULL_CONVERSION = YES;
				CLANG_WARN_OBJC_IMPLICIT_RETAIN_SELF = YES;
				CLANG_WARN_OBJC_LITERAL_CONVERSION = YES;
				CLANG_WARN_OBJC_ROOT_CLASS = YES_ERROR;
				CLANG_WARN_QUOTED_INCLUDE_IN_FRAMEWORK_HEADER = YES;
				CLANG_WARN_RANGE_LOOP_ANALYSIS = YES;
				CLANG_WARN_STRICT_PROTOTYPES = YES;
				CLANG_WARN_SUSPICIOUS_MOVE = YES;
				CLANG_WARN_UNGUARDED_AVAILABILITY = YES_AGGRESSIVE;
				CLANG_WARN_UNREACHABLE_CODE = YES;
				CLANG_WARN__DUPLICATE_METHOD_MATCH = YES;
				COPY_PHASE_STRIP = NO;
				DEBUG_INFORMATION_FORMAT = dwarf;
				DEVELOPMENT_TEAM = FFV5YXGKZA;
				ENABLE_STRICT_OBJC_MSGSEND = YES;
				ENABLE_TESTABILITY = YES;
				ENABLE_USER_SCRIPT_SANDBOXING = YES;
				GCC_C_LANGUAGE_STANDARD = gnu17;
				GCC_DYNAMIC_NO_PIC = NO;
				GCC_NO_COMMON_BLOCKS = YES;
				GCC_OPTIMIZATION_LEVEL = 0;
				GCC_PREPROCESSOR_DEFINITIONS = (
					"DEBUG=1",
					"$(inherited)",
				);
				GCC_WARN_64_TO_32_BIT_CONVERSION = YES;
				GCC_WARN_ABOUT_RETURN_TYPE = YES_ERROR;
				GCC_WARN_UNDECLARED_SELECTOR = YES;
				GCC_WARN_UNINITIALIZED_AUTOS = YES_AGGRESSIVE;
				GCC_WARN_UNUSED_FUNCTION = YES;
				GCC_WARN_UNUSED_VARIABLE = YES;
				IPHONEOS_DEPLOYMENT_TARGET = 26.4;
				LOCALIZATION_PREFERS_STRING_CATALOGS = YES;
				MTL_ENABLE_DEBUG_INFO = INCLUDE_SOURCE;
				MTL_FAST_MATH = YES;
				ONLY_ACTIVE_ARCH = YES;
				SDKROOT = iphoneos;
				SWIFT_ACTIVE_COMPILATION_CONDITIONS = "DEBUG $(inherited)";
				SWIFT_OPTIMIZATION_LEVEL = "-Onone";
			};
			name = Debug;
		};
		27916E532FA501A900C4E452 /* Release */ = {
			isa = XCBuildConfiguration;
			buildSettings = {
				ALWAYS_SEARCH_USER_PATHS = NO;
				ASSETCATALOG_COMPILER_GENERATE_SWIFT_ASSET_SYMBOL_EXTENSIONS = YES;
				CLANG_ANALYZER_NONNULL = YES;
				CLANG_ANALYZER_NUMBER_OBJECT_CONVERSION = YES_AGGRESSIVE;
				CLANG_CXX_LANGUAGE_STANDARD = "gnu++20";
				CLANG_ENABLE_MODULES = YES;
				CLANG_ENABLE_OBJC_ARC = YES;
				CLANG_ENABLE_OBJC_WEAK = YES;
				CLANG_WARN_BLOCK_CAPTURE_AUTORELEASING = YES;
				CLANG_WARN_BOOL_CONVERSION = YES;
				CLANG_WARN_COMMA = YES;
				CLANG_WARN_CONSTANT_CONVERSION = YES;
				CLANG_WARN_DEPRECATED_OBJC_IMPLEMENTATIONS = YES;
				CLANG_WARN_DIRECT_OBJC_ISA_USAGE = YES_ERROR;
				CLANG_WARN_DOCUMENTATION_COMMENTS = YES;
				CLANG_WARN_EMPTY_BODY = YES;
				CLANG_WARN_ENUM_CONVERSION = YES;
				CLANG_WARN_INFINITE_RECURSION = YES;
				CLANG_WARN_INT_CONVERSION = YES;
				CLANG_WARN_NON_LITERAL_NULL_CONVERSION = YES;
				CLANG_WARN_OBJC_IMPLICIT_RETAIN_SELF = YES;
				CLANG_WARN_OBJC_LITERAL_CONVERSION = YES;
				CLANG_WARN_OBJC_ROOT_CLASS = YES_ERROR;
				CLANG_WARN_QUOTED_INCLUDE_IN_FRAMEWORK_HEADER = YES;
				CLANG_WARN_RANGE_LOOP_ANALYSIS = YES;
				CLANG_WARN_STRICT_PROTOTYPES = YES;
				CLANG_WARN_SUSPICIOUS_MOVE = YES;
				CLANG_WARN_UNGUARDED_AVAILABILITY = YES_AGGRESSIVE;
				CLANG_WARN_UNREACHABLE_CODE = YES;
				CLANG_WARN__DUPLICATE_METHOD_MATCH = YES;
				COPY_PHASE_STRIP = NO;
				DEBUG_INFORMATION_FORMAT = "dwarf-with-dsym";
				DEVELOPMENT_TEAM = FFV5YXGKZA;
				ENABLE_NS_ASSERTIONS = NO;
				ENABLE_STRICT_OBJC_MSGSEND = YES;
				ENABLE_USER_SCRIPT_SANDBOXING = YES;
				GCC_C_LANGUAGE_STANDARD = gnu17;
				GCC_NO_COMMON_BLOCKS = YES;
				GCC_WARN_64_TO_32_BIT_CONVERSION = YES;
				GCC_WARN_ABOUT_RETURN_TYPE = YES_ERROR;
				GCC_WARN_UNDECLARED_SELECTOR = YES;
				GCC_WARN_UNINITIALIZED_AUTOS = YES_AGGRESSIVE;
				GCC_WARN_UNUSED_FUNCTION = YES;
				GCC_WARN_UNUSED_VARIABLE = YES;
				IPHONEOS_DEPLOYMENT_TARGET = 26.4;
				LOCALIZATION_PREFERS_STRING_CATALOGS = YES;
				MTL_ENABLE_DEBUG_INFO = NO;
				MTL_FAST_MATH = YES;
				SDKROOT = iphoneos;
				SWIFT_COMPILATION_MODE = wholemodule;
				VALIDATE_PRODUCT = YES;
			};
			name = Release;
		};
		27916E552FA501A900C4E452 /* Debug */ = {
			isa = XCBuildConfiguration;
			buildSettings = {
				ASSETCATALOG_COMPILER_APPICON_NAME = AppIcon;
				ASSETCATALOG_COMPILER_GLOBAL_ACCENT_COLOR_NAME = AccentColor;
				CODE_SIGN_STYLE = Automatic;
				CURRENT_PROJECT_VERSION = 1;
				DEVELOPMENT_TEAM = FFV5YXGKZA;
				ENABLE_PREVIEWS = YES;
				GENERATE_INFOPLIST_FILE = YES;
				INFOPLIST_FILE = DietCodeiOS/Info.plist;
				INFOPLIST_KEY_UIApplicationSceneManifest_Generation = YES;
				INFOPLIST_KEY_UIApplicationSupportsIndirectInputEvents = YES;
				INFOPLIST_KEY_UILaunchScreen_Generation = YES;
				INFOPLIST_KEY_UISupportedInterfaceOrientations_iPad = "UIInterfaceOrientationPortrait UIInterfaceOrientationPortraitUpsideDown UIInterfaceOrientationLandscapeLeft UIInterfaceOrientationLandscapeRight";
				INFOPLIST_KEY_UISupportedInterfaceOrientations_iPhone = "UIInterfaceOrientationPortrait UIInterfaceOrientationLandscapeLeft UIInterfaceOrientationLandscapeRight";
				IPHONEOS_DEPLOYMENT_TARGET = 26.0;
				LD_RUNPATH_SEARCH_PATHS = (
					"$(inherited)",
					"@executable_path/Frameworks",
				);
				MARKETING_VERSION = 1.0;
				PRODUCT_BUNDLE_IDENTIFIER = svapps.DietCodeiOS;
				PRODUCT_NAME = "$(TARGET_NAME)";
				STRING_CATALOG_GENERATE_SYMBOLS = YES;
				SWIFT_APPROACHABLE_CONCURRENCY = YES;
				SWIFT_DEFAULT_ACTOR_ISOLATION = MainActor;
				SWIFT_EMIT_LOC_STRINGS = YES;
				SWIFT_UPCOMING_FEATURE_MEMBER_IMPORT_VISIBILITY = YES;
				SWIFT_VERSION = 5.0;
				TARGETED_DEVICE_FAMILY = "1,2";
			};
			name = Debug;
		};
		27916E562FA501A900C4E452 /* Release */ = {
			isa = XCBuildConfiguration;
			buildSettings = {
				ASSETCATALOG_COMPILER_APPICON_NAME = AppIcon;
				ASSETCATALOG_COMPILER_GLOBAL_ACCENT_COLOR_NAME = AccentColor;
				CODE_SIGN_STYLE = Automatic;
				CURRENT_PROJECT_VERSION = 1;
				DEVELOPMENT_TEAM = FFV5YXGKZA;
				ENABLE_PREVIEWS = YES;
				GENERATE_INFOPLIST_FILE = YES;
				INFOPLIST_FILE = DietCodeiOS/Info.plist;
				INFOPLIST_KEY_UIApplicationSceneManifest_Generation = YES;
				INFOPLIST_KEY_UIApplicationSupportsIndirectInputEvents = YES;
				INFOPLIST_KEY_UILaunchScreen_Generation = YES;
				INFOPLIST_KEY_UISupportedInterfaceOrientations_iPad = "UIInterfaceOrientationPortrait UIInterfaceOrientationPortraitUpsideDown UIInterfaceOrientationLandscapeLeft UIInterfaceOrientationLandscapeRight";
				INFOPLIST_KEY_UISupportedInterfaceOrientations_iPhone = "UIInterfaceOrientationPortrait UIInterfaceOrientationLandscapeLeft UIInterfaceOrientationLandscapeRight";
				IPHONEOS_DEPLOYMENT_TARGET = 26.0;
				LD_RUNPATH_SEARCH_PATHS = (
					"$(inherited)",
					"@executable_path/Frameworks",
				);
				MARKETING_VERSION = 1.0;
				PRODUCT_BUNDLE_IDENTIFIER = svapps.DietCodeiOS;
				PRODUCT_NAME = "$(TARGET_NAME)";
				STRING_CATALOG_GENERATE_SYMBOLS = YES;
				SWIFT_APPROACHABLE_CONCURRENCY = YES;
				SWIFT_DEFAULT_ACTOR_ISOLATION = MainActor;
				SWIFT_EMIT_LOC_STRINGS = YES;
				SWIFT_UPCOMING_FEATURE_MEMBER_IMPORT_VISIBILITY = YES;
				SWIFT_VERSION = 5.0;
				TARGETED_DEVICE_FAMILY = "1,2";
			};
			name = Release;
		};
/* End XCBuildConfiguration section */

/* Begin XCConfigurationList section */
		27916E442FA501A800C4E452 /* Build configuration list for PBXProject "DietCodeiOS" */ = {
			isa = XCConfigurationList;
			buildConfigurations = (
				27916E522FA501A900C4E452 /* Debug */,
				27916E532FA501A900C4E452 /* Release */,
			);
			defaultConfigurationIsVisible = 0;
			defaultConfigurationName = Release;
		};
		27916E542FA501A900C4E452 /* Build configuration list for PBXNativeTarget "DietCodeiOS" */ = {
			isa = XCConfigurationList;
			buildConfigurations = (
				27916E552FA501A900C4E452 /* Debug */,
				27916E562FA501A900C4E452 /* Release */,
			);
			defaultConfigurationIsVisible = 0;
			defaultConfigurationName = Release;
		};
/* End XCConfigurationList section */
	};
	rootObject = 27916E412FA501A800C4E452 /* Project object */;
}
